Microsoft Visual Studio Solution File, Format Version 12.00
# Visual Studio Version 16
VisualStudioVersion = 16.0.30114.105
MinimumVisualStudioVersion = 10.0.40219.1
Project("{9A19103F-16F7-4668-BE54-9A1E7A4F7556}") = "Pepipost", "Pepipost\Pepipost.csproj", "{BE6A90A3-90AE-4690-A649-BAB4D96884E9}"
EndProject
Project("{FAE04EC0-301F-11D3-BF4B-00C04F79EFBC}") = "TestAPI", "TestAPI\TestAPI.csproj", "{7B171F60-C38D-482D-AA65-479DB62680EB}"
EndProject
Global
	GlobalSection(SolutionConfigurationPlatforms) = preSolution
		Debug|Any CPU = Debug|Any CPU
		Release|Any CPU = Release|Any CPU
	EndGlobalSection
	GlobalSection(ProjectConfigurationPlatforms) = postSolution
		{BE6A90A3-90AE-4690-A649-BAB4D96884E9}.Debug|Any CPU.ActiveCfg = Debug|Any CPU
		{BE6A90A3-90AE-4690-A649-BAB4D96884E9}.Debug|Any CPU.Build.0 = Debug|Any CPU
		{BE6A90A3-90AE-4690-A649-BAB4D96884E9}.Release|Any CPU.ActiveCfg = Release|Any CPU
		{BE6A90A3-90AE-4690-A649-BAB4D96884E9}.Release|Any CPU.Build.0 = Release|Any CPU
		{7B171F60-C38D-482D-AA65-479DB62680EB}.Debug|Any CPU.ActiveCfg = Debug|Any CPU
		{7B171F60-C38D-482D-AA65-479DB62680EB}.Debug|Any CPU.Build.0 = Debug|Any CPU
		{7B171F60-C38D-482D-AA65-479DB62680EB}.Release|Any CPU.ActiveCfg = Release|Any CPU
		{7B171F60-C38D-482D-AA65-479DB62680EB}.Release|Any CPU.Build.0 = Release|Any CPU
	EndGlobalSection
	GlobalSection(SolutionProperties) = preSolution
		HideSolutionNode = FALSE
	EndGlobalSection
	GlobalSection(ExtensibilityGlobals) = postSolution
		SolutionGuid = {B3D3074B-CFF5-4D3A-B35F-0A2382D248EF}
	EndGlobalSection
EndGlobal
